
Microsoft Visual Studio Solution File, Format Version 12.00
# Visual Studio Version 17
VisualStudioVersion = 17.4.33110.190
MinimumVisualStudioVersion = 10.0.40219.1
Project("{FAE04EC0-301F-11D3-BF4B-00C04F79EFBC}") = "5.2.8. two method", "5.2.8. two method\5.2.8. two method.csproj", "{F63E8396-2E14-4731-870D-D94A26A314F9}"
EndProject
Global
	GlobalSection(SolutionConfigurationPlatforms) = preSolution
		Debug|Any CPU = Debug|Any CPU
		Release|Any CPU = Release|Any CPU
	EndGlobalSection
	GlobalSection(ProjectConfigurationPlatforms) = postSolution
		{F63E8396-2E14-4731-870D-D94A26A314F9}.Debug|Any CPU.ActiveCfg = Debug|Any CPU
		{F63E8396-2E14-4731-870D-D94A26A314F9}.Debug|Any CPU.Build.0 = Debug|Any CPU
		{F63E8396-2E14-4731-870D-D94A26A314F9}.Release|Any CPU.ActiveCfg = Release|Any CPU
		{F63E8396-2E14-4731-870D-D94A26A314F9}.Release|Any CPU.Build.0 = Release|Any CPU
	EndGlobalSection
	GlobalSection(SolutionProperties) = preSolution
		HideSolutionNode = FALSE
	EndGlobalSection
	GlobalSection(ExtensibilityGlobals) = postSolution
		SolutionGuid = {91F00164-ADB5-4197-8618-6A457D80F498}
	EndGlobalSection
EndGlobal
